
Microsoft Visual Studio Solution File, Format Version 12.00
# Visual Studio Version 17
VisualStudioVersion = 17.11.35312.102
MinimumVisualStudioVersion = 10.0.40219.1
Project("{8BC9CEB8-8B4A-11D0-8D11-00A0C91BC942}") = "Warzone Project", "Warzone Project\Warzone Project.vcxproj", "{772A186C-9A34-4BB6-AEE7-F545213C7274}"
EndProject
Project("{8BC9CEB8-8B4A-11D0-8D11-00A0C91BC942}") = "Orders", "Orders\Orders.vcxproj", "{4177C628-D3A8-45F6-9F41-C4DDF51B262C}"
EndProject
Project("{8BC9CEB8-8B4A-11D0-8D11-00A0C91BC942}") = "Player", "Player\Player.vcxproj", "{8306CAFA-A6D9-49B8-A895-E2B5C1F1F0F9}"
EndProject
Project("{8BC9CEB8-8B4A-11D0-8D11-00A0C91BC942}") = "Cards", "Cards\Cards.vcxproj", "{54320720-48AE-45E0-B590-A388362C7E5E}"
EndProject
Project("{8BC9CEB8-8B4A-11D0-8D11-00A0C91BC942}") = "GameEngine", "GameEngine\GameEngine.vcxproj", "{D56D2BC6-F3AA-4AD4-92E1-62F8F982BCA3}"
EndProject
Global
	GlobalSection(SolutionConfigurationPlatforms) = preSolution
		Debug|x64 = Debug|x64
		Debug|x86 = Debug|x86
		Release|x64 = Release|x64
		Release|x86 = Release|x86
	EndGlobalSection
	GlobalSection(ProjectConfigurationPlatforms) = postSolution
		{772A186C-9A34-4BB6-AEE7-F545213C7274}.Debug|x64.ActiveCfg = Debug|x64
		{772A186C-9A34-4BB6-AEE7-F545213C7274}.Debug|x64.Build.0 = Debug|x64
		{772A186C-9A34-4BB6-AEE7-F545213C7274}.Debug|x86.ActiveCfg = Debug|Win32
		{772A186C-9A34-4BB6-AEE7-F545213C7274}.Debug|x86.Build.0 = Debug|Win32
		{772A186C-9A34-4BB6-AEE7-F545213C7274}.Release|x64.ActiveCfg = Release|x64
		{772A186C-9A34-4BB6-AEE7-F545213C7274}.Release|x64.Build.0 = Release|x64
		{772A186C-9A34-4BB6-AEE7-F545213C7274}.Release|x86.ActiveCfg = Release|Win32
		{772A186C-9A34-4BB6-AEE7-F545213C7274}.Release|x86.Build.0 = Release|Win32
		{4177C628-D3A8-45F6-9F41-C4DDF51B262C}.Debug|x64.ActiveCfg = Debug|x64
		{4177C628-D3A8-45F6-9F41-C4DDF51B262C}.Debug|x64.Build.0 = Debug|x64
		{4177C628-D3A8-45F6-9F41-C4DDF51B262C}.Debug|x86.ActiveCfg = Debug|Win32
		{4177C628-D3A8-45F6-9F41-C4DDF51B262C}.Debug|x86.Build.0 = Debug|Win32
		{4177C628-D3A8-45F6-9F41-C4DDF51B262C}.Release|x64.ActiveCfg = Release|x64
		{4177C628-D3A8-45F6-9F41-C4DDF51B262C}.Release|x64.Build.0 = Release|x64
		{4177C628-D3A8-45F6-9F41-C4DDF51B262C}.Release|x86.ActiveCfg = Release|Win32
		{4177C628-D3A8-45F6-9F41-C4DDF51B262C}.Release|x86.Build.0 = Release|Win32
		{8306CAFA-A6D9-49B8-A895-E2B5C1F1F0F9}.Debug|x64.ActiveCfg = Debug|x64
		{8306CAFA-A6D9-49B8-A895-E2B5C1F1F0F9}.Debug|x64.Build.0 = Debug|x64
		{8306CAFA-A6D9-49B8-A895-E2B5C1F1F0F9}.Debug|x86.ActiveCfg = Debug|Win32
		{8306CAFA-A6D9-49B8-A895-E2B5C1F1F0F9}.Debug|x86.Build.0 = Debug|Win32
		{8306CAFA-A6D9-49B8-A895-E2B5C1F1F0F9}.Release|x64.ActiveCfg = Release|x64
		{8306CAFA-A6D9-49B8-A895-E2B5C1F1F0F9}.Release|x64.Build.0 = Release|x64
		{8306CAFA-A6D9-49B8-A895-E2B5C1F1F0F9}.Release|x86.ActiveCfg = Release|Win32
		{8306CAFA-A6D9-49B8-A895-E2B5C1F1F0F9}.Release|x86.Build.0 = Release|Win32
		{54320720-48AE-45E0-B590-A388362C7E5E}.Debug|x64.ActiveCfg = Debug|x64
		{54320720-48AE-45E0-B590-A388362C7E5E}.Debug|x64.Build.0 = Debug|x64
		{54320720-48AE-45E0-B590-A388362C7E5E}.Debug|x86.ActiveCfg = Debug|Win32
		{54320720-48AE-45E0-B590-A388362C7E5E}.Debug|x86.Build.0 = Debug|Win32
		{54320720-48AE-45E0-B590-A388362C7E5E}.Release|x64.ActiveCfg = Release|x64
		{54320720-48AE-45E0-B590-A388362C7E5E}.Release|x64.Build.0 = Release|x64
		{54320720-48AE-45E0-B590-A388362C7E5E}.Release|x86.ActiveCfg = Release|Win32
		{54320720-48AE-45E0-B590-A388362C7E5E}.Release|x86.Build.0 = Release|Win32
		{D56D2BC6-F3AA-4AD4-92E1-62F8F982BCA3}.Debug|x64.ActiveCfg = Debug|x64
		{D56D2BC6-F3AA-4AD4-92E1-62F8F982BCA3}.Debug|x64.Build.0 = Debug|x64
		{D56D2BC6-F3AA-4AD4-92E1-62F8F982BCA3}.Debug|x86.ActiveCfg = Debug|Win32
		{D56D2BC6-F3AA-4AD4-92E1-62F8F982BCA3}.Debug|x86.Build.0 = Debug|Win32
		{D56D2BC6-F3AA-4AD4-92E1-62F8F982BCA3}.Release|x64.ActiveCfg = Release|x64
		{D56D2BC6-F3AA-4AD4-92E1-62F8F982BCA3}.Release|x64.Build.0 = Release|x64
		{D56D2BC6-F3AA-4AD4-92E1-62F8F982BCA3}.Release|x86.ActiveCfg = Release|Win32
		{D56D2BC6-F3AA-4AD4-92E1-62F8F982BCA3}.Release|x86.Build.0 = Release|Win32
	EndGlobalSection
	GlobalSection(SolutionProperties) = preSolution
		HideSolutionNode = FALSE
	EndGlobalSection
	GlobalSection(ExtensibilityGlobals) = postSolution
		SolutionGuid = {EB34A6F4-0B5D-4553-A0DD-A0295BB70206}
	EndGlobalSection
EndGlobal
